
Microsoft Visual Studio Solution File, Format Version 12.00
# Visual Studio Version 16
VisualStudioVersion = 16.0.29709.97
MinimumVisualStudioVersion = 10.0.40219.1
Project("{FAE04EC0-301F-11D3-BF4B-00C04F79EFBC}") = "LinearEquation", "LinearEquation\LinearEquation.csproj", "{D38DB496-A9B5-4E60-8DDF-04C099E91869}"
EndProject
Global
	GlobalSection(SolutionConfigurationPlatforms) = preSolution
		Debug|Any CPU = Debug|Any CPU
		Release|Any CPU = Release|Any CPU
	EndGlobalSection
	GlobalSection(ProjectConfigurationPlatforms) = postSolution
		{D38DB496-A9B5-4E60-8DDF-04C099E91869}.Debug|Any CPU.ActiveCfg = Debug|Any CPU
		{D38DB496-A9B5-4E60-8DDF-04C099E91869}.Debug|Any CPU.Build.0 = Debug|Any CPU
		{D38DB496-A9B5-4E60-8DDF-04C099E91869}.Release|Any CPU.ActiveCfg = Release|Any CPU
		{D38DB496-A9B5-4E60-8DDF-04C099E91869}.Release|Any CPU.Build.0 = Release|Any CPU
	EndGlobalSection
	GlobalSection(SolutionProperties) = preSolution
		HideSolutionNode = FALSE
	EndGlobalSection
	GlobalSection(ExtensibilityGlobals) = postSolution
		SolutionGuid = {EC3FA87E-36A0-4D5C-B2A8-4138FA163A20}
	EndGlobalSection
EndGlobal
